
Microsoft Visual Studio Solution File, Format Version 12.00
# Visual Studio Version 17
VisualStudioVersion = 17.6.33829.357
MinimumVisualStudioVersion = 10.0.40219.1
Project("{FAE04EC0-301F-11D3-BF4B-00C04F79EFBC}") = "Atividade5", "Atividade5\Atividade5.csproj", "{53DFAD70-24DB-4EE7-B723-F1A773286CFE}"
EndProject
Global
	GlobalSection(SolutionConfigurationPlatforms) = preSolution
		Debug|Any CPU = Debug|Any CPU
		Release|Any CPU = Release|Any CPU
	EndGlobalSection
	GlobalSection(ProjectConfigurationPlatforms) = postSolution
		{53DFAD70-24DB-4EE7-B723-F1A773286CFE}.Debug|Any CPU.ActiveCfg = Debug|Any CPU
		{53DFAD70-24DB-4EE7-B723-F1A773286CFE}.Debug|Any CPU.Build.0 = Debug|Any CPU
		{53DFAD70-24DB-4EE7-B723-F1A773286CFE}.Release|Any CPU.ActiveCfg = Release|Any CPU
		{53DFAD70-24DB-4EE7-B723-F1A773286CFE}.Release|Any CPU.Build.0 = Release|Any CPU
	EndGlobalSection
	GlobalSection(SolutionProperties) = preSolution
		HideSolutionNode = FALSE
	EndGlobalSection
	GlobalSection(ExtensibilityGlobals) = postSolution
		SolutionGuid = {38B03DB9-A03D-4837-B031-4B5BB223BA94}
	EndGlobalSection
EndGlobal
